
Microsoft Visual Studio Solution File, Format Version 12.00
# Visual Studio Version 17
VisualStudioVersion = 17.0.31903.59
MinimumVisualStudioVersion = 10.0.40219.1
Project("{2150E333-8FDC-42A3-9474-1A3956D46DE8}") = "src", "src", "{827E0CD3-B72D-47B6-A68D-7590B98EB39B}"
EndProject
Project("{FAE04EC0-301F-11D3-BF4B-00C04F79EFBC}") = "StreetBite.Api", "src\StreetBite.Api\StreetBite.Api.csproj", "{6029F3FD-1B39-4A91-B069-127D81E3930B}"
EndProject
Project("{2150E333-8FDC-42A3-9474-1A3956D46DE8}") = "tests", "tests", "{0AB3BF05-4346-4AA6-1389-037BE0695223}"
EndProject
Project("{FAE04EC0-301F-11D3-BF4B-00C04F79EFBC}") = "CommonTestUtilities", "tests\CommonTestUtilities\CommonTestUtilities.csproj", "{4FBB1051-BE43-4AF0-91BF-DE335E19A14C}"
EndProject
Project("{FAE04EC0-301F-11D3-BF4B-00C04F79EFBC}") = "UseCases.Test", "tests\UseCases.Test\UseCases.Test.csproj", "{C9BCB675-81A7-4645-9FD8-BD3E28ABACFD}"
EndProject
Project("{FAE04EC0-301F-11D3-BF4B-00C04F79EFBC}") = "Validators.Tests", "tests\Validators.Tests\Validators.Tests.csproj", "{7C8AA589-B3B8-42E6-90BC-58F40F531AB4}"
EndProject
Project("{FAE04EC0-301F-11D3-BF4B-00C04F79EFBC}") = "WebApi.Test", "tests\WebApi.Test\WebApi.Test.csproj", "{9DC4663D-D43F-47A3-B1C0-8EF50E0629B6}"
EndProject
Project("{FAE04EC0-301F-11D3-BF4B-00C04F79EFBC}") = "StreetBite.Communication", "src\StreetBite.Communication\StreetBite.Communication.csproj", "{36CD86A2-918A-4495-85A3-1FFAB8BCFF3B}"
EndProject
Project("{FAE04EC0-301F-11D3-BF4B-00C04F79EFBC}") = "StreetBite.Domain", "src\StreetBite.Domain\StreetBite.Domain.csproj", "{A156EC60-1392-474D-90E4-1175AF6E6974}"
EndProject
Project("{FAE04EC0-301F-11D3-BF4B-00C04F79EFBC}") = "StreetBite.Infrastructure", "src\StreetBite.Infrastructure\StreetBite.Infrastructure.csproj", "{316F461A-D75C-45C1-AC68-3DBDBAA55D89}"
EndProject
Project("{FAE04EC0-301F-11D3-BF4B-00C04F79EFBC}") = "StreetBite.NotificationWorker", "src\StreetBite.NotificationWorker\StreetBite.NotificationWorker.csproj", "{F6E0BC49-B0A8-4068-942A-AC24787F7FE1}"
EndProject
Project("{FAE04EC0-301F-11D3-BF4B-00C04F79EFBC}") = "StreetBite.OrderProcessor", "src\StreetBite.OrderProcessor\StreetBite.OrderProcessor.csproj", "{71CAFF16-B942-4325-A88C-637712CF706D}"
EndProject
Project("{FAE04EC0-301F-11D3-BF4B-00C04F79EFBC}") = "StreetBite.Application", "StreetBite.Application\StreetBite.Application.csproj", "{2495B25D-7D03-4808-8C35-AB864351C9D8}"
EndProject
Global
	GlobalSection(SolutionConfigurationPlatforms) = preSolution
		Debug|Any CPU = Debug|Any CPU
		Debug|x64 = Debug|x64
		Debug|x86 = Debug|x86
		Release|Any CPU = Release|Any CPU
		Release|x64 = Release|x64
		Release|x86 = Release|x86
	EndGlobalSection
	GlobalSection(ProjectConfigurationPlatforms) = postSolution
		{6029F3FD-1B39-4A91-B069-127D81E3930B}.Debug|Any CPU.ActiveCfg = Debug|Any CPU
		{6029F3FD-1B39-4A91-B069-127D81E3930B}.Debug|Any CPU.Build.0 = Debug|Any CPU
		{6029F3FD-1B39-4A91-B069-127D81E3930B}.Debug|x64.ActiveCfg = Debug|Any CPU
		{6029F3FD-1B39-4A91-B069-127D81E3930B}.Debug|x64.Build.0 = Debug|Any CPU
		{6029F3FD-1B39-4A91-B069-127D81E3930B}.Debug|x86.ActiveCfg = Debug|Any CPU
		{6029F3FD-1B39-4A91-B069-127D81E3930B}.Debug|x86.Build.0 = Debug|Any CPU
		{6029F3FD-1B39-4A91-B069-127D81E3930B}.Release|Any CPU.ActiveCfg = Release|Any CPU
		{6029F3FD-1B39-4A91-B069-127D81E3930B}.Release|Any CPU.Build.0 = Release|Any CPU
		{6029F3FD-1B39-4A91-B069-127D81E3930B}.Release|x64.ActiveCfg = Release|Any CPU
		{6029F3FD-1B39-4A91-B069-127D81E3930B}.Release|x64.Build.0 = Release|Any CPU
		{6029F3FD-1B39-4A91-B069-127D81E3930B}.Release|x86.ActiveCfg = Release|Any CPU
		{6029F3FD-1B39-4A91-B069-127D81E3930B}.Release|x86.Build.0 = Release|Any CPU
		{4FBB1051-BE43-4AF0-91BF-DE335E19A14C}.Debug|Any CPU.ActiveCfg = Debug|Any CPU
		{4FBB1051-BE43-4AF0-91BF-DE335E19A14C}.Debug|Any CPU.Build.0 = Debug|Any CPU
		{4FBB1051-BE43-4AF0-91BF-DE335E19A14C}.Debug|x64.ActiveCfg = Debug|Any CPU
		{4FBB1051-BE43-4AF0-91BF-DE335E19A14C}.Debug|x64.Build.0 = Debug|Any CPU
		{4FBB1051-BE43-4AF0-91BF-DE335E19A14C}.Debug|x86.ActiveCfg = Debug|Any CPU
		{4FBB1051-BE43-4AF0-91BF-DE335E19A14C}.Debug|x86.Build.0 = Debug|Any CPU
		{4FBB1051-BE43-4AF0-91BF-DE335E19A14C}.Release|Any CPU.ActiveCfg = Release|Any CPU
		{4FBB1051-BE43-4AF0-91BF-DE335E19A14C}.Release|Any CPU.Build.0 = Release|Any CPU
		{4FBB1051-BE43-4AF0-91BF-DE335E19A14C}.Release|x64.ActiveCfg = Release|Any CPU
		{4FBB1051-BE43-4AF0-91BF-DE335E19A14C}.Release|x64.Build.0 = Release|Any CPU
		{4FBB1051-BE43-4AF0-91BF-DE335E19A14C}.Release|x86.ActiveCfg = Release|Any CPU
		{4FBB1051-BE43-4AF0-91BF-DE335E19A14C}.Release|x86.Build.0 = Release|Any CPU
		{C9BCB675-81A7-4645-9FD8-BD3E28ABACFD}.Debug|Any CPU.ActiveCfg = Debug|Any CPU
		{C9BCB675-81A7-4645-9FD8-BD3E28ABACFD}.Debug|Any CPU.Build.0 = Debug|Any CPU
		{C9BCB675-81A7-4645-9FD8-BD3E28ABACFD}.Debug|x64.ActiveCfg = Debug|Any CPU
		{C9BCB675-81A7-4645-9FD8-BD3E28ABACFD}.Debug|x64.Build.0 = Debug|Any CPU
		{C9BCB675-81A7-4645-9FD8-BD3E28ABACFD}.Debug|x86.ActiveCfg = Debug|Any CPU
		{C9BCB675-81A7-4645-9FD8-BD3E28ABACFD}.Debug|x86.Build.0 = Debug|Any CPU
		{C9BCB675-81A7-4645-9FD8-BD3E28ABACFD}.Release|Any CPU.ActiveCfg = Release|Any CPU
		{C9BCB675-81A7-4645-9FD8-BD3E28ABACFD}.Release|Any CPU.Build.0 = Release|Any CPU
		{C9BCB675-81A7-4645-9FD8-BD3E28ABACFD}.Release|x64.ActiveCfg = Release|Any CPU
		{C9BCB675-81A7-4645-9FD8-BD3E28ABACFD}.Release|x64.Build.0 = Release|Any CPU
		{C9BCB675-81A7-4645-9FD8-BD3E28ABACFD}.Release|x86.ActiveCfg = Release|Any CPU
		{C9BCB675-81A7-4645-9FD8-BD3E28ABACFD}.Release|x86.Build.0 = Release|Any CPU
		{7C8AA589-B3B8-42E6-90BC-58F40F531AB4}.Debug|Any CPU.ActiveCfg = Debug|Any CPU
		{7C8AA589-B3B8-42E6-90BC-58F40F531AB4}.Debug|Any CPU.Build.0 = Debug|Any CPU
		{7C8AA589-B3B8-42E6-90BC-58F40F531AB4}.Debug|x64.ActiveCfg = Debug|Any CPU
		{7C8AA589-B3B8-42E6-90BC-58F40F531AB4}.Debug|x64.Build.0 = Debug|Any CPU
		{7C8AA589-B3B8-42E6-90BC-58F40F531AB4}.Debug|x86.ActiveCfg = Debug|Any CPU
		{7C8AA589-B3B8-42E6-90BC-58F40F531AB4}.Debug|x86.Build.0 = Debug|Any CPU
		{7C8AA589-B3B8-42E6-90BC-58F40F531AB4}.Release|Any CPU.ActiveCfg = Release|Any CPU
		{7C8AA589-B3B8-42E6-90BC-58F40F531AB4}.Release|Any CPU.Build.0 = Release|Any CPU
		{7C8AA589-B3B8-42E6-90BC-58F40F531AB4}.Release|x64.ActiveCfg = Release|Any CPU
		{7C8AA589-B3B8-42E6-90BC-58F40F531AB4}.Release|x64.Build.0 = Release|Any CPU
		{7C8AA589-B3B8-42E6-90BC-58F40F531AB4}.Release|x86.ActiveCfg = Release|Any CPU
		{7C8AA589-B3B8-42E6-90BC-58F40F531AB4}.Release|x86.Build.0 = Release|Any CPU
		{9DC4663D-D43F-47A3-B1C0-8EF50E0629B6}.Debug|Any CPU.ActiveCfg = Debug|Any CPU
		{9DC4663D-D43F-47A3-B1C0-8EF50E0629B6}.Debug|Any CPU.Build.0 = Debug|Any CPU
		{9DC4663D-D43F-47A3-B1C0-8EF50E0629B6}.Debug|x64.ActiveCfg = Debug|Any CPU
		{9DC4663D-D43F-47A3-B1C0-8EF50E0629B6}.Debug|x64.Build.0 = Debug|Any CPU
		{9DC4663D-D43F-47A3-B1C0-8EF50E0629B6}.Debug|x86.ActiveCfg = Debug|Any CPU
		{9DC4663D-D43F-47A3-B1C0-8EF50E0629B6}.Debug|x86.Build.0 = Debug|Any CPU
		{9DC4663D-D43F-47A3-B1C0-8EF50E0629B6}.Release|Any CPU.ActiveCfg = Release|Any CPU
		{9DC4663D-D43F-47A3-B1C0-8EF50E0629B6}.Release|Any CPU.Build.0 = Release|Any CPU
		{9DC4663D-D43F-47A3-B1C0-8EF50E0629B6}.Release|x64.ActiveCfg = Release|Any CPU
		{9DC4663D-D43F-47A3-B1C0-8EF50E0629B6}.Release|x64.Build.0 = Release|Any CPU
		{9DC4663D-D43F-47A3-B1C0-8EF50E0629B6}.Release|x86.ActiveCfg = Release|Any CPU
		{9DC4663D-D43F-47A3-B1C0-8EF50E0629B6}.Release|x86.Build.0 = Release|Any CPU
		{36CD86A2-918A-4495-85A3-1FFAB8BCFF3B}.Debug|Any CPU.ActiveCfg = Debug|Any CPU
		{36CD86A2-918A-4495-85A3-1FFAB8BCFF3B}.Debug|Any CPU.Build.0 = Debug|Any CPU
		{36CD86A2-918A-4495-85A3-1FFAB8BCFF3B}.Debug|x64.ActiveCfg = Debug|Any CPU
		{36CD86A2-918A-4495-85A3-1FFAB8BCFF3B}.Debug|x64.Build.0 = Debug|Any CPU
		{36CD86A2-918A-4495-85A3-1FFAB8BCFF3B}.Debug|x86.ActiveCfg = Debug|Any CPU
		{36CD86A2-918A-4495-85A3-1FFAB8BCFF3B}.Debug|x86.Build.0 = Debug|Any CPU
		{36CD86A2-918A-4495-85A3-1FFAB8BCFF3B}.Release|Any CPU.ActiveCfg = Release|Any CPU
		{36CD86A2-918A-4495-85A3-1FFAB8BCFF3B}.Release|Any CPU.Build.0 = Release|Any CPU
		{36CD86A2-918A-4495-85A3-1FFAB8BCFF3B}.Release|x64.ActiveCfg = Release|Any CPU
		{36CD86A2-918A-4495-85A3-1FFAB8BCFF3B}.Release|x64.Build.0 = Release|Any CPU
		{36CD86A2-918A-4495-85A3-1FFAB8BCFF3B}.Release|x86.ActiveCfg = Release|Any CPU
		{36CD86A2-918A-4495-85A3-1FFAB8BCFF3B}.Release|x86.Build.0 = Release|Any CPU
		{A156EC60-1392-474D-90E4-1175AF6E6974}.Debug|Any CPU.ActiveCfg = Debug|Any CPU
		{A156EC60-1392-474D-90E4-1175AF6E6974}.Debug|Any CPU.Build.0 = Debug|Any CPU
		{A156EC60-1392-474D-90E4-1175AF6E6974}.Debug|x64.ActiveCfg = Debug|Any CPU
		{A156EC60-1392-474D-90E4-1175AF6E6974}.Debug|x64.Build.0 = Debug|Any CPU
		{A156EC60-1392-474D-90E4-1175AF6E6974}.Debug|x86.ActiveCfg = Debug|Any CPU
		{A156EC60-1392-474D-90E4-1175AF6E6974}.Debug|x86.Build.0 = Debug|Any CPU
		{A156EC60-1392-474D-90E4-1175AF6E6974}.Release|Any CPU.ActiveCfg = Release|Any CPU
		{A156EC60-1392-474D-90E4-1175AF6E6974}.Release|Any CPU.Build.0 = Release|Any CPU
		{A156EC60-1392-474D-90E4-1175AF6E6974}.Release|x64.ActiveCfg = Release|Any CPU
		{A156EC60-1392-474D-90E4-1175AF6E6974}.Release|x64.Build.0 = Release|Any CPU
		{A156EC60-1392-474D-90E4-1175AF6E6974}.Release|x86.ActiveCfg = Release|Any CPU
		{A156EC60-1392-474D-90E4-1175AF6E6974}.Release|x86.Build.0 = Release|Any CPU
		{316F461A-D75C-45C1-AC68-3DBDBAA55D89}.Debug|Any CPU.ActiveCfg = Debug|Any CPU
		{316F461A-D75C-45C1-AC68-3DBDBAA55D89}.Debug|Any CPU.Build.0 = Debug|Any CPU
		{316F461A-D75C-45C1-AC68-3DBDBAA55D89}.Debug|x64.ActiveCfg = Debug|Any CPU
		{316F461A-D75C-45C1-AC68-3DBDBAA55D89}.Debug|x64.Build.0 = Debug|Any CPU
		{316F461A-D75C-45C1-AC68-3DBDBAA55D89}.Debug|x86.ActiveCfg = Debug|Any CPU
		{316F461A-D75C-45C1-AC68-3DBDBAA55D89}.Debug|x86.Build.0 = Debug|Any CPU
		{316F461A-D75C-45C1-AC68-3DBDBAA55D89}.Release|Any CPU.ActiveCfg = Release|Any CPU
		{316F461A-D75C-45C1-AC68-3DBDBAA55D89}.Release|Any CPU.Build.0 = Release|Any CPU
		{316F461A-D75C-45C1-AC68-3DBDBAA55D89}.Release|x64.ActiveCfg = Release|Any CPU
		{316F461A-D75C-45C1-AC68-3DBDBAA55D89}.Release|x64.Build.0 = Release|Any CPU
		{316F461A-D75C-45C1-AC68-3DBDBAA55D89}.Release|x86.ActiveCfg = Release|Any CPU
		{316F461A-D75C-45C1-AC68-3DBDBAA55D89}.Release|x86.Build.0 = Release|Any CPU
		{F6E0BC49-B0A8-4068-942A-AC24787F7FE1}.Debug|Any CPU.ActiveCfg = Debug|Any CPU
		{F6E0BC49-B0A8-4068-942A-AC24787F7FE1}.Debug|Any CPU.Build.0 = Debug|Any CPU
		{F6E0BC49-B0A8-4068-942A-AC24787F7FE1}.Debug|x64.ActiveCfg = Debug|Any CPU
		{F6E0BC49-B0A8-4068-942A-AC24787F7FE1}.Debug|x64.Build.0 = Debug|Any CPU
		{F6E0BC49-B0A8-4068-942A-AC24787F7FE1}.Debug|x86.ActiveCfg = Debug|Any CPU
		{F6E0BC49-B0A8-4068-942A-AC24787F7FE1}.Debug|x86.Build.0 = Debug|Any CPU
		{F6E0BC49-B0A8-4068-942A-AC24787F7FE1}.Release|Any CPU.ActiveCfg = Release|Any CPU
		{F6E0BC49-B0A8-4068-942A-AC24787F7FE1}.Release|Any CPU.Build.0 = Release|Any CPU
		{F6E0BC49-B0A8-4068-942A-AC24787F7FE1}.Release|x64.ActiveCfg = Release|Any CPU
		{F6E0BC49-B0A8-4068-942A-AC24787F7FE1}.Release|x64.Build.0 = Release|Any CPU
		{F6E0BC49-B0A8-4068-942A-AC24787F7FE1}.Release|x86.ActiveCfg = Release|Any CPU
		{F6E0BC49-B0A8-4068-942A-AC24787F7FE1}.Release|x86.Build.0 = Release|Any CPU
		{71CAFF16-B942-4325-A88C-637712CF706D}.Debug|Any CPU.ActiveCfg = Debug|Any CPU
		{71CAFF16-B942-4325-A88C-637712CF706D}.Debug|Any CPU.Build.0 = Debug|Any CPU
		{71CAFF16-B942-4325-A88C-637712CF706D}.Debug|x64.ActiveCfg = Debug|Any CPU
		{71CAFF16-B942-4325-A88C-637712CF706D}.Debug|x64.Build.0 = Debug|Any CPU
		{71CAFF16-B942-4325-A88C-637712CF706D}.Debug|x86.ActiveCfg = Debug|Any CPU
		{71CAFF16-B942-4325-A88C-637712CF706D}.Debug|x86.Build.0 = Debug|Any CPU
		{71CAFF16-B942-4325-A88C-637712CF706D}.Release|Any CPU.ActiveCfg = Release|Any CPU
		{71CAFF16-B942-4325-A88C-637712CF706D}.Release|Any CPU.Build.0 = Release|Any CPU
		{71CAFF16-B942-4325-A88C-637712CF706D}.Release|x64.ActiveCfg = Release|Any CPU
		{71CAFF16-B942-4325-A88C-637712CF706D}.Release|x64.Build.0 = Release|Any CPU
		{71CAFF16-B942-4325-A88C-637712CF706D}.Release|x86.ActiveCfg = Release|Any CPU
		{71CAFF16-B942-4325-A88C-637712CF706D}.Release|x86.Build.0 = Release|Any CPU
		{2495B25D-7D03-4808-8C35-AB864351C9D8}.Debug|Any CPU.ActiveCfg = Debug|Any CPU
		{2495B25D-7D03-4808-8C35-AB864351C9D8}.Debug|Any CPU.Build.0 = Debug|Any CPU
		{2495B25D-7D03-4808-8C35-AB864351C9D8}.Debug|x64.ActiveCfg = Debug|Any CPU
		{2495B25D-7D03-4808-8C35-AB864351C9D8}.Debug|x64.Build.0 = Debug|Any CPU
		{2495B25D-7D03-4808-8C35-AB864351C9D8}.Debug|x86.ActiveCfg = Debug|Any CPU
		{2495B25D-7D03-4808-8C35-AB864351C9D8}.Debug|x86.Build.0 = Debug|Any CPU
		{2495B25D-7D03-4808-8C35-AB864351C9D8}.Release|Any CPU.ActiveCfg = Release|Any CPU
		{2495B25D-7D03-4808-8C35-AB864351C9D8}.Release|Any CPU.Build.0 = Release|Any CPU
		{2495B25D-7D03-4808-8C35-AB864351C9D8}.Release|x64.ActiveCfg = Release|Any CPU
		{2495B25D-7D03-4808-8C35-AB864351C9D8}.Release|x64.Build.0 = Release|Any CPU
		{2495B25D-7D03-4808-8C35-AB864351C9D8}.Release|x86.ActiveCfg = Release|Any CPU
		{2495B25D-7D03-4808-8C35-AB864351C9D8}.Release|x86.Build.0 = Release|Any CPU
	EndGlobalSection
	GlobalSection(SolutionProperties) = preSolution
		HideSolutionNode = FALSE
	EndGlobalSection
	GlobalSection(NestedProjects) = preSolution
		{6029F3FD-1B39-4A91-B069-127D81E3930B} = {827E0CD3-B72D-47B6-A68D-7590B98EB39B}
		{4FBB1051-BE43-4AF0-91BF-DE335E19A14C} = {0AB3BF05-4346-4AA6-1389-037BE0695223}
		{C9BCB675-81A7-4645-9FD8-BD3E28ABACFD} = {0AB3BF05-4346-4AA6-1389-037BE0695223}
		{7C8AA589-B3B8-42E6-90BC-58F40F531AB4} = {0AB3BF05-4346-4AA6-1389-037BE0695223}
		{9DC4663D-D43F-47A3-B1C0-8EF50E0629B6} = {0AB3BF05-4346-4AA6-1389-037BE0695223}
		{36CD86A2-918A-4495-85A3-1FFAB8BCFF3B} = {827E0CD3-B72D-47B6-A68D-7590B98EB39B}
		{A156EC60-1392-474D-90E4-1175AF6E6974} = {827E0CD3-B72D-47B6-A68D-7590B98EB39B}
		{316F461A-D75C-45C1-AC68-3DBDBAA55D89} = {827E0CD3-B72D-47B6-A68D-7590B98EB39B}
		{F6E0BC49-B0A8-4068-942A-AC24787F7FE1} = {827E0CD3-B72D-47B6-A68D-7590B98EB39B}
		{71CAFF16-B942-4325-A88C-637712CF706D} = {827E0CD3-B72D-47B6-A68D-7590B98EB39B}
		{2495B25D-7D03-4808-8C35-AB864351C9D8} = {827E0CD3-B72D-47B6-A68D-7590B98EB39B}
	EndGlobalSection
EndGlobal
